
Microsoft Visual Studio Solution File, Format Version 12.00
# Visual Studio Version 17
VisualStudioVersion = 17.14.36429.23
MinimumVisualStudioVersion = 10.0.40219.1
Project("{FAE04EC0-301F-11D3-BF4B-00C04F79EFBC}") = "ProjetoSegundoBimestre", "ProjetoSegundoBimestre\ProjetoSegundoBimestre.csproj", "{B2158FF7-B4AB-4F23-9B38-8635431FD134}"
EndProject
Project("{2150E333-8FDC-42A3-9474-1A3956D46DE8}") = "01 - Domain", "01 - Domain", "{02EA681E-C7D8-13C7-8484-4AC65E1B71E8}"
EndProject
Project("{2150E333-8FDC-42A3-9474-1A3956D46DE8}") = "02 - Data", "02 - Data", "{58407C49-0F97-4A40-B4AB-FDD9F9D6C0CD}"
EndProject
Project("{FAE04EC0-301F-11D3-BF4B-00C04F79EFBC}") = "Projeto.Data", "Projeto.Data\Projeto.Data.csproj", "{754CAB6A-323E-4633-AAFB-2556588D1A5F}"
EndProject
Project("{2150E333-8FDC-42A3-9474-1A3956D46DE8}") = "03 - Aplication", "03 - Aplication", "{E2EEA256-97FC-4054-8E00-C9E22521DECE}"
EndProject
Project("{2150E333-8FDC-42A3-9474-1A3956D46DE8}") = "04 - API", "04 - API", "{7EFA1F92-FF94-47E4-B10C-17C01F56B0BA}"
EndProject
Project("{FAE04EC0-301F-11D3-BF4B-00C04F79EFBC}") = "Projeto.Domain", "Projeto.Domain\Projeto.Domain.csproj", "{FF123AD7-BBF4-49F4-A1D6-95D17F863FDC}"
EndProject
Project("{FAE04EC0-301F-11D3-BF4B-00C04F79EFBC}") = "Projeto.Application", "ProjetoAplication\Projeto.Application.csproj", "{27397ADB-04CE-4B08-9F06-2C440C39FB62}"
EndProject
Global
	GlobalSection(SolutionConfigurationPlatforms) = preSolution
		Debug|Any CPU = Debug|Any CPU
		Release|Any CPU = Release|Any CPU
	EndGlobalSection
	GlobalSection(ProjectConfigurationPlatforms) = postSolution
		{B2158FF7-B4AB-4F23-9B38-8635431FD134}.Debug|Any CPU.ActiveCfg = Debug|Any CPU
		{B2158FF7-B4AB-4F23-9B38-8635431FD134}.Debug|Any CPU.Build.0 = Debug|Any CPU
		{B2158FF7-B4AB-4F23-9B38-8635431FD134}.Release|Any CPU.ActiveCfg = Release|Any CPU
		{B2158FF7-B4AB-4F23-9B38-8635431FD134}.Release|Any CPU.Build.0 = Release|Any CPU
		{754CAB6A-323E-4633-AAFB-2556588D1A5F}.Debug|Any CPU.ActiveCfg = Debug|Any CPU
		{754CAB6A-323E-4633-AAFB-2556588D1A5F}.Debug|Any CPU.Build.0 = Debug|Any CPU
		{754CAB6A-323E-4633-AAFB-2556588D1A5F}.Release|Any CPU.ActiveCfg = Release|Any CPU
		{754CAB6A-323E-4633-AAFB-2556588D1A5F}.Release|Any CPU.Build.0 = Release|Any CPU
		{FF123AD7-BBF4-49F4-A1D6-95D17F863FDC}.Debug|Any CPU.ActiveCfg = Debug|Any CPU
		{FF123AD7-BBF4-49F4-A1D6-95D17F863FDC}.Debug|Any CPU.Build.0 = Debug|Any CPU
		{FF123AD7-BBF4-49F4-A1D6-95D17F863FDC}.Release|Any CPU.ActiveCfg = Release|Any CPU
		{FF123AD7-BBF4-49F4-A1D6-95D17F863FDC}.Release|Any CPU.Build.0 = Release|Any CPU
		{27397ADB-04CE-4B08-9F06-2C440C39FB62}.Debug|Any CPU.ActiveCfg = Debug|Any CPU
		{27397ADB-04CE-4B08-9F06-2C440C39FB62}.Debug|Any CPU.Build.0 = Debug|Any CPU
		{27397ADB-04CE-4B08-9F06-2C440C39FB62}.Release|Any CPU.ActiveCfg = Release|Any CPU
		{27397ADB-04CE-4B08-9F06-2C440C39FB62}.Release|Any CPU.Build.0 = Release|Any CPU
	EndGlobalSection
	GlobalSection(SolutionProperties) = preSolution
		HideSolutionNode = FALSE
	EndGlobalSection
	GlobalSection(NestedProjects) = preSolution
		{B2158FF7-B4AB-4F23-9B38-8635431FD134} = {7EFA1F92-FF94-47E4-B10C-17C01F56B0BA}
		{754CAB6A-323E-4633-AAFB-2556588D1A5F} = {58407C49-0F97-4A40-B4AB-FDD9F9D6C0CD}
		{FF123AD7-BBF4-49F4-A1D6-95D17F863FDC} = {02EA681E-C7D8-13C7-8484-4AC65E1B71E8}
		{27397ADB-04CE-4B08-9F06-2C440C39FB62} = {E2EEA256-97FC-4054-8E00-C9E22521DECE}
	EndGlobalSection
	GlobalSection(ExtensibilityGlobals) = postSolution
		SolutionGuid = {32129D16-AC73-4EEF-B975-739A20D27D28}
	EndGlobalSection
EndGlobal
